<?xml version="1.0" encoding="utf-8"?>
<Project ToolsVersion="4.0" xmlns="http://schemas.microsoft.com/developer/msbuild/2003">
  <ItemGroup>
    <Filter Include="源文件">
      <UniqueIdentifier>{4FC737F1-C7A5-4376-A066-2A32D752A2FF}</UniqueIdentifier>
      <Extensions>cpp;c;cc;cxx;c++;cppm;ixx;def;odl;idl;hpj;bat;asm;asmx</Extensions>
    </Filter>
    <Filter Include="头文件">
      <UniqueIdentifier>{93995380-89BD-4b04-88EB-625FBE52EBFB}</UniqueIdentifier>
      <Extensions>h;hh;hpp;hxx;h++;hm;inl;inc;ipp;xsd</Extensions>
    </Filter>
    <Filter Include="资源文件">
      <UniqueIdentifier>{67DA6AB6-F800-4c08-8B7A-83BB121AAD01}</UniqueIdentifier>
      <Extensions>rc;ico;cur;bmp;dlg;rc2;rct;bin;rgs;gif;jpg;jpeg;jpe;resx;tiff;tif;png;wav;mfcribbon-ms</Extensions>
    </Filter>
  </ItemGroup>
  <ItemGroup>
    <ClCompile Include="src\vender\stb_image\stb_image.cpp">
      <Filter>源文件</Filter>
    </ClCompile>
    <ClCompile Include="src\vender\imgui\imgui.cpp">
      <Filter>源文件</Filter>
    </ClCompile>
    <ClCompile Include="src\vender\imgui\imgui_demo.cpp">
      <Filter>源文件</Filter>
    </ClCompile>
    <ClCompile Include="src\vender\imgui\imgui_draw.cpp">
      <Filter>源文件</Filter>
    </ClCompile>
    <ClCompile Include="src\vender\imgui\imgui_impl_opengl3.cpp">
      <Filter>源文件</Filter>
    </ClCompile>
    <ClCompile Include="src\vender\imgui\imgui_impl_glfw.cpp">
      <Filter>源文件</Filter>
    </ClCompile>
    <ClCompile Include="src\vender\imgui\imgui_widgets.cpp">
      <Filter>源文件</Filter>
    </ClCompile>
    <ClCompile Include="src\vender\imgui\imgui_tables.cpp">
      <Filter>源文件</Filter>
    </ClCompile>
    <ClCompile Include="src\game_demo.cpp">
      <Filter>源文件</Filter>
    </ClCompile>
  </ItemGroup>
  <ItemGroup>
    <None Include="res\shaders\basic.shader" />
    <None Include="res\shaders\source.shader" />
    <None Include="res\shaders\cube.shader" />
    <None Include="res\shaders\single.shader" />
    <None Include="res\shaders\blending.shader" />
    <None Include="res\shaders\screen.shader" />
    <None Include="res\shaders\SkyBox.shader" />
    <None Include="res\shaders\model.shader" />
    <None Include="res\shaders\geometry.shader" />
    <None Include="res\shaders\model_geometry.shader" />
    <None Include="res\shaders\model_instance.shader" />
    <None Include="res\shaders\DirLightShadow.shader" />
    <None Include="res\shaders\PointLightShadow.shader" />
    <None Include="res\shaders\SpotLightShadow.shader" />
    <None Include="res\shaders\blooming_highlight.shader" />
    <None Include="res\shaders\blooming_blur.shader" />
    <None Include="res\shaders\Defered.shader" />
    <None Include="res\shaders\DeferedLighting.shader" />
    <None Include="res\shaders\SSAO.shader" />
    <None Include="res\shaders\SSAOblur.shader" />
    <None Include="res\shaders\EnvCubeMap.shader" />
    <None Include="res\shaders\EnvCubeMap_Convolution.shader" />
    <None Include="res\shaders\DeferedPreShadow.shader" />
    <None Include="src\config.ini" />
    <None Include="res\shaders\shadow_blur.shader" />
    <None Include="res\shaders\EnvCubeMap_spec_Convolution.shader" />
    <None Include="res\shaders\EnvCubeMap_spec_BRDF.shader" />
    <None Include="res\shaders\basic_screen.shader" />
    <None Include="res\shaders\Text.shader" />
    <None Include="res\shaders\D3Particle.shader" />
    <None Include="res\shaders\FXAA.shader" />
    <None Include="res\shaders\Particle.shader" />
    <None Include="res\shaders\Terrain_cpu.shader" />
    <None Include="res\shaders\Terrain_gpu.shader" />
    <None Include="res\shaders\Health_bar.shader" />
    <None Include="res\shaders\Health_bar_enemy.shader" />
  </ItemGroup>
  <ItemGroup>
    <ClInclude Include="src\Shader.h">
      <Filter>头文件</Filter>
    </ClInclude>
    <ClInclude Include="src\vender\stb_image\stb_image.h">
      <Filter>头文件</Filter>
    </ClInclude>
    <ClInclude Include="src\KeyInput.h">
      <Filter>头文件</Filter>
    </ClInclude>
    <ClInclude Include="src\vender\imgui\imconfig.h">
      <Filter>头文件</Filter>
    </ClInclude>
    <ClInclude Include="src\vender\imgui\imgui.h">
      <Filter>头文件</Filter>
    </ClInclude>
    <ClInclude Include="src\vender\imgui\imgui_impl_opengl3.h">
      <Filter>头文件</Filter>
    </ClInclude>
    <ClInclude Include="src\vender\imgui\imgui_impl_opengl3_loader.h">
      <Filter>头文件</Filter>
    </ClInclude>
    <ClInclude Include="src\vender\imgui\imgui_internal.h">
      <Filter>头文件</Filter>
    </ClInclude>
    <ClInclude Include="src\vender\imgui\imstb_rectpack.h">
      <Filter>头文件</Filter>
    </ClInclude>
    <ClInclude Include="src\vender\imgui\imstb_textedit.h">
      <Filter>头文件</Filter>
    </ClInclude>
    <ClInclude Include="src\vender\imgui\imstb_truetype.h">
      <Filter>头文件</Filter>
    </ClInclude>
    <ClInclude Include="src\Camera.h">
      <Filter>头文件</Filter>
    </ClInclude>
    <ClInclude Include="src\Texture.h">
      <Filter>头文件</Filter>
    </ClInclude>
    <ClInclude Include="src\VertexArray.h">
      <Filter>头文件</Filter>
    </ClInclude>
    <ClInclude Include="src\VertexBuffer.h">
      <Filter>头文件</Filter>
    </ClInclude>
    <ClInclude Include="src\VertexBufferLayout.h">
      <Filter>头文件</Filter>
    </ClInclude>
    <ClInclude Include="src\ViewMatrix.h">
      <Filter>头文件</Filter>
    </ClInclude>
    <ClInclude Include="src\ModelSpace.h">
      <Filter>头文件</Filter>
    </ClInclude>
    <ClInclude Include="src\IndexBuffer.h">
      <Filter>头文件</Filter>
    </ClInclude>
    <ClInclude Include="src\Model.h">
      <Filter>头文件</Filter>
    </ClInclude>
    <ClInclude Include="src\opengl_Mesh.h">
      <Filter>头文件</Filter>
    </ClInclude>
    <ClInclude Include="src\Renderer.h">
      <Filter>头文件</Filter>
    </ClInclude>
    <ClInclude Include="src\FrameBuffer.h">
      <Filter>头文件</Filter>
    </ClInclude>
    <ClInclude Include="src\CSM.h">
      <Filter>头文件</Filter>
    </ClInclude>
    <ClInclude Include="src\vender\imgui\imgui_impl_glfw.h">
      <Filter>头文件</Filter>
    </ClInclude>
    <ClInclude Include="src\Config.h">
      <Filter>头文件</Filter>
    </ClInclude>
    <ClInclude Include="src\Text.h">
      <Filter>头文件</Filter>
    </ClInclude>
    <ClInclude Include="src\Debugger.h">
      <Filter>头文件</Filter>
    </ClInclude>
    <ClInclude Include="src\Game.h">
      <Filter>头文件</Filter>
    </ClInclude>
    <ClInclude Include="src\Particle.h">
      <Filter>头文件</Filter>
    </ClInclude>
    <ClInclude Include="src\Bone.h">
      <Filter>头文件</Filter>
    </ClInclude>
    <ClInclude Include="src\Animator.h">
      <Filter>头文件</Filter>
    </ClInclude>
  </ItemGroup>
</Project>